
Microsoft Visual Studio Solution File, Format Version 12.00
# Visual Studio Version 16
VisualStudioVersion = 16.0.31105.61
MinimumVisualStudioVersion = 10.0.40219.1
Project("{FAE04EC0-301F-11D3-BF4B-00C04F79EFBC}") = "Entities.Sandbox", "Entities.Sandbox\Entities.Sandbox.csproj", "{893E4D60-3793-4F92-AB16-D6D5EF4D174B}"
EndProject
Project("{FAE04EC0-301F-11D3-BF4B-00C04F79EFBC}") = "Entities", "Entities\Entities.csproj", "{A9185600-FF2E-45D5-9530-3149262DC50E}"
EndProject
Global
	GlobalSection(SolutionConfigurationPlatforms) = preSolution
		Debug|Any CPU = Debug|Any CPU
		Release|Any CPU = Release|Any CPU
	EndGlobalSection
	GlobalSection(ProjectConfigurationPlatforms) = postSolution
		{893E4D60-3793-4F92-AB16-D6D5EF4D174B}.Debug|Any CPU.ActiveCfg = Debug|Any CPU
		{893E4D60-3793-4F92-AB16-D6D5EF4D174B}.Debug|Any CPU.Build.0 = Debug|Any CPU
		{893E4D60-3793-4F92-AB16-D6D5EF4D174B}.Release|Any CPU.ActiveCfg = Release|Any CPU
		{893E4D60-3793-4F92-AB16-D6D5EF4D174B}.Release|Any CPU.Build.0 = Release|Any CPU
		{A9185600-FF2E-45D5-9530-3149262DC50E}.Debug|Any CPU.ActiveCfg = Debug|Any CPU
		{A9185600-FF2E-45D5-9530-3149262DC50E}.Debug|Any CPU.Build.0 = Debug|Any CPU
		{A9185600-FF2E-45D5-9530-3149262DC50E}.Release|Any CPU.ActiveCfg = Release|Any CPU
		{A9185600-FF2E-45D5-9530-3149262DC50E}.Release|Any CPU.Build.0 = Release|Any CPU
	EndGlobalSection
	GlobalSection(SolutionProperties) = preSolution
		HideSolutionNode = FALSE
	EndGlobalSection
	GlobalSection(ExtensibilityGlobals) = postSolution
		SolutionGuid = {8BE11297-3E3B-47A8-B560-CCF8C7177B69}
	EndGlobalSection
EndGlobal
